
Microsoft Visual Studio Solution File, Format Version 12.00
# Visual Studio Version 16
VisualStudioVersion = 16.0.29009.5
MinimumVisualStudioVersion = 10.0.40219.1
Project("{2150E333-8FDC-42A3-9474-1A3956D46DE8}") = "Resources", "Resources", "{5024D37A-FC26-4BFA-9AAE-465E554E72E9}"
	ProjectSection(SolutionItems) = preProject
		Resources\parrot.bmp = Resources\parrot.bmp
		Resources\parrot.jpg = Resources\parrot.jpg
		Resources\parrot.svg = Resources\parrot.svg
	EndProjectSection
EndProject
Project("{9A19103F-16F7-4668-BE54-9A1E7A4F7556}") = "DrawWithLineUs.Console", "DrawWithLineUs.Con\DrawWithLineUs.Console.csproj", "{AB9AC89A-3B78-4DC3-B5B1-E146FB4401D5}"
EndProject
Global
	GlobalSection(SolutionConfigurationPlatforms) = preSolution
		Debug|Any CPU = Debug|Any CPU
		Release|Any CPU = Release|Any CPU
	EndGlobalSection
	GlobalSection(ProjectConfigurationPlatforms) = postSolution
		{AB9AC89A-3B78-4DC3-B5B1-E146FB4401D5}.Debug|Any CPU.ActiveCfg = Debug|Any CPU
		{AB9AC89A-3B78-4DC3-B5B1-E146FB4401D5}.Debug|Any CPU.Build.0 = Debug|Any CPU
		{AB9AC89A-3B78-4DC3-B5B1-E146FB4401D5}.Release|Any CPU.ActiveCfg = Release|Any CPU
		{AB9AC89A-3B78-4DC3-B5B1-E146FB4401D5}.Release|Any CPU.Build.0 = Release|Any CPU
	EndGlobalSection
	GlobalSection(SolutionProperties) = preSolution
		HideSolutionNode = FALSE
	EndGlobalSection
	GlobalSection(ExtensibilityGlobals) = postSolution
		SolutionGuid = {C0BBFE3D-4144-46B0-99D1-142A1FC0F464}
	EndGlobalSection
EndGlobal
