
Microsoft Visual Studio Solution File, Format Version 12.00
# Visual Studio Version 16
VisualStudioVersion = 16.0.29009.5
MinimumVisualStudioVersion = 10.0.40219.1
Project("{FAE04EC0-301F-11D3-BF4B-00C04F79EFBC}") = "DrawWithLineUs.Console", "DrawWithLineUs.Console\DrawWithLineUs.Console.csproj", "{2248FD6D-2C05-416F-891F-F3FEECF17981}"
EndProject
Global
	GlobalSection(SolutionConfigurationPlatforms) = preSolution
		Debug|Any CPU = Debug|Any CPU
		Release|Any CPU = Release|Any CPU
	EndGlobalSection
	GlobalSection(ProjectConfigurationPlatforms) = postSolution
		{2248FD6D-2C05-416F-891F-F3FEECF17981}.Debug|Any CPU.ActiveCfg = Debug|Any CPU
		{2248FD6D-2C05-416F-891F-F3FEECF17981}.Debug|Any CPU.Build.0 = Debug|Any CPU
		{2248FD6D-2C05-416F-891F-F3FEECF17981}.Release|Any CPU.ActiveCfg = Release|Any CPU
		{2248FD6D-2C05-416F-891F-F3FEECF17981}.Release|Any CPU.Build.0 = Release|Any CPU
	EndGlobalSection
	GlobalSection(SolutionProperties) = preSolution
		HideSolutionNode = FALSE
	EndGlobalSection
	GlobalSection(ExtensibilityGlobals) = postSolution
		SolutionGuid = {C0BBFE3D-4144-46B0-99D1-142A1FC0F464}
	EndGlobalSection
EndGlobal
